
Microsoft Visual Studio Solution File, Format Version 12.00
# Visual Studio Version 17
VisualStudioVersion = 17.8.34309.116
MinimumVisualStudioVersion = 10.0.40219.1
Project("{FAE04EC0-301F-11D3-BF4B-00C04F79EFBC}") = "Курсовая", "Курсовая\Курсовая.csproj", "{80223C96-55B2-40BB-8CAB-4C3598E07A67}"
EndProject
Global
	GlobalSection(SolutionConfigurationPlatforms) = preSolution
		Debug|Any CPU = Debug|Any CPU
		Release|Any CPU = Release|Any CPU
	EndGlobalSection
	GlobalSection(ProjectConfigurationPlatforms) = postSolution
		{80223C96-55B2-40BB-8CAB-4C3598E07A67}.Debug|Any CPU.ActiveCfg = Debug|Any CPU
		{80223C96-55B2-40BB-8CAB-4C3598E07A67}.Debug|Any CPU.Build.0 = Debug|Any CPU
		{80223C96-55B2-40BB-8CAB-4C3598E07A67}.Release|Any CPU.ActiveCfg = Release|Any CPU
		{80223C96-55B2-40BB-8CAB-4C3598E07A67}.Release|Any CPU.Build.0 = Release|Any CPU
	EndGlobalSection
	GlobalSection(SolutionProperties) = preSolution
		HideSolutionNode = FALSE
	EndGlobalSection
	GlobalSection(ExtensibilityGlobals) = postSolution
		SolutionGuid = {AC64FEDD-A0C4-478A-A937-C0F2E6073CD1}
	EndGlobalSection
EndGlobal
